# This file is autogenerated, do not edit; changes may be undone by the next 'dep ensure'.


[[projects]]
  name = "github.com/clbanning/mxj"
  packages = ["."]
  revision = "593ae43fc2c7195ec08a76e786509d145a8f6be7"
  version = "v1.7"

[solve-meta]
  analyzer-name = "dep"
  analyzer-version = 1
  inputs-digest = "acdc2546c6e5cc34370a717d4aa74acb67ed866e0f4dc1dc384079cd806bb2fd"
  solver-name = "gps-cdcl"
  solver-version = 1
